{
  "version": 4,
  "terraform_version": "1.14.3",
  "serial": 32,
  "lineage": "ca46775a-f25c-d776-3ed7-6a85871075f7",
  "outputs": {},
  "resources": [
    {
      "mode": "managed",
      "type": "azurerm_linux_virtual_machine",
      "name": "example",
      "provider": "provider[\"registry.terraform.io/hashicorp/azurerm\"]",
      "instances": [
        {
          "schema_version": 0,
          "attributes": {
            "additional_capabilities": [],
            "admin_password": "P@1234567890",
            "admin_ssh_key": [],
            "admin_username": "azureuser",
            "allow_extension_operations": true,
            "availability_set_id": "",
            "boot_diagnostics": [],
            "bypass_platform_safety_checks_on_user_schedule_enabled": false,
            "capacity_reservation_group_id": "",
            "computer_name": "example-machine",
            "custom_data": null,
            "dedicated_host_group_id": "",
            "dedicated_host_id": "",
            "disable_password_authentication": false,
            "disk_controller_type": "",
            "edge_zone": "",
            "encryption_at_host_enabled": false,
            "eviction_policy": "",
            "extensions_time_budget": "PT1H30M",
            "gallery_application": [],
            "id": "/subscriptions/9df58ee8-2d41-4b0e-bf25-ea3542970bf6/resourceGroups/example-resources/providers/Microsoft.Compute/virtualMachines/example-machine",
            "identity": [],
            "license_type": "",
            "location": "northeurope",
            "max_bid_price": -1,
            "name": "example-machine",
            "network_interface_ids": [
              "/subscriptions/9df58ee8-2d41-4b0e-bf25-ea3542970bf6/resourceGroups/example-resources/providers/Microsoft.Network/networkInterfaces/example-nic"
            ],
            "os_disk": [
              {
                "caching": "ReadWrite",
                "diff_disk_settings": [],
                "disk_encryption_set_id": "",
                "disk_size_gb": 30,
                "id": "/subscriptions/9df58ee8-2d41-4b0e-bf25-ea3542970bf6/resourceGroups/example-resources/providers/Microsoft.Compute/disks/example-machine_disk1_7c120d8ab84b4263bdc97b3b70537c5a",
                "name": "example-machine_disk1_7c120d8ab84b4263bdc97b3b70537c5a",
                "secure_vm_disk_encryption_set_id": "",
                "security_encryption_type": "",
                "storage_account_type": "Standard_LRS",
                "write_accelerator_enabled": false
              }
            ],
            "os_image_notification": [],
            "os_managed_disk_id": "/subscriptions/9df58ee8-2d41-4b0e-bf25-ea3542970bf6/resourceGroups/example-resources/providers/Microsoft.Compute/disks/example-machine_disk1_7c120d8ab84b4263bdc97b3b70537c5a",
            "patch_assessment_mode": "ImageDefault",
            "patch_mode": "ImageDefault",
            "plan": [],
            "platform_fault_domain": -1,
            "priority": "Regular",
            "private_ip_address": "10.0.2.4",
            "private_ip_addresses": [
              "10.0.2.4"
            ],
            "provision_vm_agent": true,
            "proximity_placement_group_id": "",
            "public_ip_address": "4.210.84.145",
            "public_ip_addresses": [
              "4.210.84.145"
            ],
            "reboot_setting": "",
            "resource_group_name": "example-resources",
            "secret": [],
            "secure_boot_enabled": false,
            "size": "Standard_D2s_v3",
            "source_image_id": "",
            "source_image_reference": [
              {
                "offer": "0001-com-ubuntu-server-jammy",
                "publisher": "Canonical",
                "sku": "22_04-lts",
                "version": "latest"
              }
            ],
            "tags": {},
            "termination_notification": [],
            "timeouts": null,
            "user_data": "",
            "virtual_machine_id": "0fb45dfd-e9e2-48ee-8fcd-6ff095867b81",
            "virtual_machine_scale_set_id": "",
            "vm_agent_platform_updates_enabled": false,
            "vtpm_enabled": false,
            "zone": ""
          },
          "sensitive_attributes": [
            [
              {
                "type": "get_attr",
                "value": "admin_password"
              }
            ],
            [
              {
                "type": "get_attr",
                "value": "custom_data"
              }
            ]
          ],
          "identity_schema_version": 0,
          "private": "eyJlMmJmYjczMC1lY2FhLTExZTYtOGY4OC0zNDM2M2JjN2M0YzAiOnsiY3JlYXRlIjoyNzAwMDAwMDAwMDAwLCJkZWxldGUiOjI3MDAwMDAwMDAwMDAsInJlYWQiOjMwMDAwMDAwMDAwMCwidXBkYXRlIjoyNzAwMDAwMDAwMDAwfX0=",
          "dependencies": [
            "azurerm_network_interface.example",
            "azurerm_public_ip.vm_ip",
            "azurerm_resource_group.example",
            "azurerm_subnet.example",
            "azurerm_virtual_network.example"
          ]
        }
      ]
    },
    {
      "mode": "managed",
      "type": "azurerm_monitor_action_group",
      "name": "main",
      "provider": "provider[\"registry.terraform.io/hashicorp/azurerm\"]",
      "instances": [
        {
          "schema_version": 1,
          "attributes": {
            "arm_role_receiver": [],
            "automation_runbook_receiver": [],
            "azure_app_push_receiver": [],
            "azure_function_receiver": [],
            "email_receiver": [
              {
                "email_address": "pranav592003@gmail.com",
                "name": "sendtoadmin",
                "use_common_alert_schema": false
              }
            ],
            "enabled": true,
            "event_hub_receiver": [],
            "id": "/subscriptions/9df58ee8-2d41-4b0e-bf25-ea3542970bf6/resourceGroups/example-resources/providers/Microsoft.Insights/actionGroups/example-actiongroup",
            "itsm_receiver": [],
            "location": "global",
            "logic_app_receiver": [],
            "name": "example-actiongroup",
            "resource_group_name": "example-resources",
            "short_name": "exampleact",
            "sms_receiver": [],
            "tags": {},
            "timeouts": null,
            "voice_receiver": [],
            "webhook_receiver": []
          },
          "sensitive_attributes": [],
          "identity_schema_version": 0,
          "identity": {
            "name": "example-actiongroup",
            "resource_group_name": "example-resources",
            "subscription_id": "9df58ee8-2d41-4b0e-bf25-ea3542970bf6"
          },
          "private": "eyJlMmJmYjczMC1lY2FhLTExZTYtOGY4OC0zNDM2M2JjN2M0YzAiOnsiY3JlYXRlIjoxODAwMDAwMDAwMDAwLCJkZWxldGUiOjE4MDAwMDAwMDAwMDAsInJlYWQiOjMwMDAwMDAwMDAwMCwidXBkYXRlIjoxODAwMDAwMDAwMDAwfSwic2NoZW1hX3ZlcnNpb24iOiIxIn0=",
          "dependencies": [
            "azurerm_linux_virtual_machine.example",
            "azurerm_network_interface.example",
            "azurerm_public_ip.vm_ip",
            "azurerm_resource_group.example",
            "azurerm_subnet.example",
            "azurerm_virtual_network.example"
          ]
        }
      ]
    },
    {
      "mode": "managed",
      "type": "azurerm_monitor_metric_alert",
      "name": "example1",
      "provider": "provider[\"registry.terraform.io/hashicorp/azurerm\"]",
      "instances": [
        {
          "schema_version": 1,
          "attributes": {
            "action": [
              {
                "action_group_id": "/subscriptions/9df58ee8-2d41-4b0e-bf25-ea3542970bf6/resourceGroups/example-resources/providers/Microsoft.Insights/actionGroups/example-actiongroup",
                "webhook_properties": {}
              }
            ],
            "application_insights_web_test_location_availability_criteria": [],
            "auto_mitigate": true,
            "criteria": [
              {
                "aggregation": "Average",
                "dimension": [],
                "metric_name": "Percentage CPU",
                "metric_namespace": "Microsoft.Compute/virtualMachines",
                "operator": "GreaterThan",
                "skip_metric_validation": false,
                "threshold": 60
              }
            ],
            "description": "Action will be triggered when CPU is greater than 60.",
            "dynamic_criteria": [],
            "enabled": true,
            "frequency": "PT1M",
            "id": "/subscriptions/9df58ee8-2d41-4b0e-bf25-ea3542970bf6/resourceGroups/example-resources/providers/Microsoft.Insights/metricAlerts/example-metricalert-1",
            "name": "example-metricalert-1",
            "resource_group_name": "example-resources",
            "scopes": [
              "/subscriptions/9df58ee8-2d41-4b0e-bf25-ea3542970bf6/resourceGroups/example-resources/providers/Microsoft.Compute/virtualMachines/example-machine"
            ],
            "severity": 3,
            "tags": {},
            "target_resource_location": "",
            "target_resource_type": "",
            "timeouts": null,
            "window_size": "PT5M"
          },
          "sensitive_attributes": [],
          "identity_schema_version": 0,
          "private": "eyJlMmJmYjczMC1lY2FhLTExZTYtOGY4OC0zNDM2M2JjN2M0YzAiOnsiY3JlYXRlIjoxODAwMDAwMDAwMDAwLCJkZWxldGUiOjE4MDAwMDAwMDAwMDAsInJlYWQiOjMwMDAwMDAwMDAwMCwidXBkYXRlIjoxODAwMDAwMDAwMDAwfSwic2NoZW1hX3ZlcnNpb24iOiIxIn0=",
          "dependencies": [
            "azurerm_linux_virtual_machine.example",
            "azurerm_monitor_action_group.main",
            "azurerm_network_interface.example",
            "azurerm_public_ip.vm_ip",
            "azurerm_resource_group.example",
            "azurerm_subnet.example",
            "azurerm_virtual_network.example"
          ]
        }
      ]
    },
    {
      "mode": "managed",
      "type": "azurerm_monitor_metric_alert",
      "name": "example2",
      "provider": "provider[\"registry.terraform.io/hashicorp/azurerm\"]",
      "instances": [
        {
          "schema_version": 1,
          "attributes": {
            "action": [
              {
                "action_group_id": "/subscriptions/9df58ee8-2d41-4b0e-bf25-ea3542970bf6/resourceGroups/example-resources/providers/Microsoft.Insights/actionGroups/example-actiongroup",
                "webhook_properties": {}
              }
            ],
            "application_insights_web_test_location_availability_criteria": [],
            "auto_mitigate": true,
            "criteria": [
              {
                "aggregation": "Average",
                "dimension": [],
                "metric_name": "Available Memory Bytes",
                "metric_namespace": "Microsoft.Compute/virtualMachines",
                "operator": "LessThan",
                "skip_metric_validation": false,
                "threshold": 20
              }
            ],
            "description": "Action will be triggered when available memory space is lesser than 20.",
            "dynamic_criteria": [],
            "enabled": true,
            "frequency": "PT1M",
            "id": "/subscriptions/9df58ee8-2d41-4b0e-bf25-ea3542970bf6/resourceGroups/example-resources/providers/Microsoft.Insights/metricAlerts/example-metricalert-2",
            "name": "example-metricalert-2",
            "resource_group_name": "example-resources",
            "scopes": [
              "/subscriptions/9df58ee8-2d41-4b0e-bf25-ea3542970bf6/resourceGroups/example-resources/providers/Microsoft.Compute/virtualMachines/example-machine"
            ],
            "severity": 3,
            "tags": {},
            "target_resource_location": "",
            "target_resource_type": "",
            "timeouts": null,
            "window_size": "PT5M"
          },
          "sensitive_attributes": [],
          "identity_schema_version": 0,
          "private": "eyJlMmJmYjczMC1lY2FhLTExZTYtOGY4OC0zNDM2M2JjN2M0YzAiOnsiY3JlYXRlIjoxODAwMDAwMDAwMDAwLCJkZWxldGUiOjE4MDAwMDAwMDAwMDAsInJlYWQiOjMwMDAwMDAwMDAwMCwidXBkYXRlIjoxODAwMDAwMDAwMDAwfSwic2NoZW1hX3ZlcnNpb24iOiIxIn0=",
          "dependencies": [
            "azurerm_linux_virtual_machine.example",
            "azurerm_monitor_action_group.main",
            "azurerm_network_interface.example",
            "azurerm_public_ip.vm_ip",
            "azurerm_resource_group.example",
            "azurerm_subnet.example",
            "azurerm_virtual_network.example"
          ]
        }
      ]
    },
    {
      "mode": "managed",
      "type": "azurerm_network_interface",
      "name": "example",
      "provider": "provider[\"registry.terraform.io/hashicorp/azurerm\"]",
      "instances": [
        {
          "schema_version": 0,
          "attributes": {
            "accelerated_networking_enabled": false,
            "applied_dns_servers": [],
            "auxiliary_mode": "",
            "auxiliary_sku": "",
            "dns_servers": [],
            "edge_zone": "",
            "id": "/subscriptions/9df58ee8-2d41-4b0e-bf25-ea3542970bf6/resourceGroups/example-resources/providers/Microsoft.Network/networkInterfaces/example-nic",
            "internal_dns_name_label": "",
            "internal_domain_name_suffix": "0mu3arj4lduuvhmk0uz1fq5llc.fx.internal.cloudapp.net",
            "ip_configuration": [
              {
                "gateway_load_balancer_frontend_ip_configuration_id": "",
                "name": "internal",
                "primary": true,
                "private_ip_address": "10.0.2.4",
                "private_ip_address_allocation": "Dynamic",
                "private_ip_address_version": "IPv4",
                "public_ip_address_id": "/subscriptions/9df58ee8-2d41-4b0e-bf25-ea3542970bf6/resourceGroups/example-resources/providers/Microsoft.Network/publicIPAddresses/demo-public-ip",
                "subnet_id": "/subscriptions/9df58ee8-2d41-4b0e-bf25-ea3542970bf6/resourceGroups/example-resources/providers/Microsoft.Network/virtualNetworks/example-network/subnets/internal"
              }
            ],
            "ip_forwarding_enabled": false,
            "location": "northeurope",
            "mac_address": "7C-ED-8D-40-19-08",
            "name": "example-nic",
            "private_ip_address": "10.0.2.4",
            "private_ip_addresses": [
              "10.0.2.4"
            ],
            "resource_group_name": "example-resources",
            "tags": {},
            "timeouts": null,
            "virtual_machine_id": "/subscriptions/9df58ee8-2d41-4b0e-bf25-ea3542970bf6/resourceGroups/example-resources/providers/Microsoft.Compute/virtualMachines/example-machine"
          },
          "sensitive_attributes": [],
          "identity_schema_version": 0,
          "identity": {
            "name": "example-nic",
            "resource_group_name": "example-resources",
            "subscription_id": "9df58ee8-2d41-4b0e-bf25-ea3542970bf6"
          },
          "private": "eyJlMmJmYjczMC1lY2FhLTExZTYtOGY4OC0zNDM2M2JjN2M0YzAiOnsiY3JlYXRlIjoxODAwMDAwMDAwMDAwLCJkZWxldGUiOjE4MDAwMDAwMDAwMDAsInJlYWQiOjMwMDAwMDAwMDAwMCwidXBkYXRlIjoxODAwMDAwMDAwMDAwfX0=",
          "dependencies": [
            "azurerm_public_ip.vm_ip",
            "azurerm_resource_group.example",
            "azurerm_subnet.example",
            "azurerm_virtual_network.example"
          ]
        }
      ]
    },
    {
      "mode": "managed",
      "type": "azurerm_network_interface_security_group_association",
      "name": "example",
      "provider": "provider[\"registry.terraform.io/hashicorp/azurerm\"]",
      "instances": [
        {
          "schema_version": 0,
          "attributes": {
            "id": "/subscriptions/9df58ee8-2d41-4b0e-bf25-ea3542970bf6/resourceGroups/example-resources/providers/Microsoft.Network/networkInterfaces/example-nic|/subscriptions/9df58ee8-2d41-4b0e-bf25-ea3542970bf6/resourceGroups/example-resources/providers/Microsoft.Network/networkSecurityGroups/vm-nsg",
            "network_interface_id": "/subscriptions/9df58ee8-2d41-4b0e-bf25-ea3542970bf6/resourceGroups/example-resources/providers/Microsoft.Network/networkInterfaces/example-nic",
            "network_security_group_id": "/subscriptions/9df58ee8-2d41-4b0e-bf25-ea3542970bf6/resourceGroups/example-resources/providers/Microsoft.Network/networkSecurityGroups/vm-nsg",
            "timeouts": null
          },
          "sensitive_attributes": [],
          "identity_schema_version": 0,
          "private": "eyJlMmJmYjczMC1lY2FhLTExZTYtOGY4OC0zNDM2M2JjN2M0YzAiOnsiY3JlYXRlIjoxODAwMDAwMDAwMDAwLCJkZWxldGUiOjE4MDAwMDAwMDAwMDAsInJlYWQiOjMwMDAwMDAwMDAwMH19",
          "dependencies": [
            "azurerm_network_interface.example",
            "azurerm_network_security_group.vm_nsg",
            "azurerm_public_ip.vm_ip",
            "azurerm_resource_group.example",
            "azurerm_subnet.example",
            "azurerm_virtual_network.example"
          ]
        }
      ]
    },
    {
      "mode": "managed",
      "type": "azurerm_network_security_group",
      "name": "vm_nsg",
      "provider": "provider[\"registry.terraform.io/hashicorp/azurerm\"]",
      "instances": [
        {
          "schema_version": 0,
          "attributes": {
            "id": "/subscriptions/9df58ee8-2d41-4b0e-bf25-ea3542970bf6/resourceGroups/example-resources/providers/Microsoft.Network/networkSecurityGroups/vm-nsg",
            "location": "northeurope",
            "name": "vm-nsg",
            "resource_group_name": "example-resources",
            "security_rule": [
              {
                "access": "Allow",
                "description": "",
                "destination_address_prefix": "*",
                "destination_address_prefixes": [],
                "destination_application_security_group_ids": [],
                "destination_port_range": "22",
                "destination_port_ranges": [],
                "direction": "Inbound",
                "name": "SSH",
                "priority": 1001,
                "protocol": "Tcp",
                "source_address_prefix": "*",
                "source_address_prefixes": [],
                "source_application_security_group_ids": [],
                "source_port_range": "*",
                "source_port_ranges": []
              },
              {
                "access": "Allow",
                "description": "",
                "destination_address_prefix": "*",
                "destination_address_prefixes": [],
                "destination_application_security_group_ids": [],
                "destination_port_range": "80",
                "destination_port_ranges": [],
                "direction": "Inbound",
                "name": "HTTP",
                "priority": 1002,
                "protocol": "Tcp",
                "source_address_prefix": "*",
                "source_address_prefixes": [],
                "source_application_security_group_ids": [],
                "source_port_range": "*",
                "source_port_ranges": []
              }
            ],
            "tags": {},
            "timeouts": null
          },
          "sensitive_attributes": [],
          "identity_schema_version": 0,
          "identity": {
            "name": "vm-nsg",
            "resource_group_name": "example-resources",
            "subscription_id": "9df58ee8-2d41-4b0e-bf25-ea3542970bf6"
          },
          "private": "eyJlMmJmYjczMC1lY2FhLTExZTYtOGY4OC0zNDM2M2JjN2M0YzAiOnsiY3JlYXRlIjoxODAwMDAwMDAwMDAwLCJkZWxldGUiOjE4MDAwMDAwMDAwMDAsInJlYWQiOjMwMDAwMDAwMDAwMCwidXBkYXRlIjoxODAwMDAwMDAwMDAwfX0=",
          "dependencies": [
            "azurerm_resource_group.example"
          ]
        }
      ]
    },
    {
      "mode": "managed",
      "type": "azurerm_public_ip",
      "name": "vm_ip",
      "provider": "provider[\"registry.terraform.io/hashicorp/azurerm\"]",
      "instances": [
        {
          "schema_version": 0,
          "attributes": {
            "allocation_method": "Static",
            "ddos_protection_mode": "VirtualNetworkInherited",
            "ddos_protection_plan_id": null,
            "domain_name_label": null,
            "domain_name_label_scope": null,
            "edge_zone": "",
            "fqdn": null,
            "id": "/subscriptions/9df58ee8-2d41-4b0e-bf25-ea3542970bf6/resourceGroups/example-resources/providers/Microsoft.Network/publicIPAddresses/demo-public-ip",
            "idle_timeout_in_minutes": 4,
            "ip_address": "4.210.84.145",
            "ip_tags": {},
            "ip_version": "IPv4",
            "location": "northeurope",
            "name": "demo-public-ip",
            "public_ip_prefix_id": null,
            "resource_group_name": "example-resources",
            "reverse_fqdn": null,
            "sku": "Standard",
            "sku_tier": "Regional",
            "tags": {},
            "timeouts": null,
            "zones": []
          },
          "sensitive_attributes": [],
          "identity_schema_version": 0,
          "private": "eyJlMmJmYjczMC1lY2FhLTExZTYtOGY4OC0zNDM2M2JjN2M0YzAiOnsiY3JlYXRlIjoxODAwMDAwMDAwMDAwLCJkZWxldGUiOjE4MDAwMDAwMDAwMDAsInJlYWQiOjMwMDAwMDAwMDAwMCwidXBkYXRlIjoxODAwMDAwMDAwMDAwfX0=",
          "dependencies": [
            "azurerm_resource_group.example"
          ]
        }
      ]
    },
    {
      "mode": "managed",
      "type": "azurerm_resource_group",
      "name": "example",
      "provider": "provider[\"registry.terraform.io/hashicorp/azurerm\"]",
      "instances": [
        {
          "schema_version": 0,
          "attributes": {
            "id": "/subscriptions/9df58ee8-2d41-4b0e-bf25-ea3542970bf6/resourceGroups/example-resources",
            "location": "northeurope",
            "managed_by": "",
            "name": "example-resources",
            "tags": {},
            "timeouts": null
          },
          "sensitive_attributes": [],
          "identity_schema_version": 0,
          "identity": {
            "name": "example-resources",
            "subscription_id": "9df58ee8-2d41-4b0e-bf25-ea3542970bf6"
          },
          "private": "eyJlMmJmYjczMC1lY2FhLTExZTYtOGY4OC0zNDM2M2JjN2M0YzAiOnsiY3JlYXRlIjo1NDAwMDAwMDAwMDAwLCJkZWxldGUiOjU0MDAwMDAwMDAwMDAsInJlYWQiOjMwMDAwMDAwMDAwMCwidXBkYXRlIjo1NDAwMDAwMDAwMDAwfX0="
        }
      ]
    },
    {
      "mode": "managed",
      "type": "azurerm_subnet",
      "name": "example",
      "provider": "provider[\"registry.terraform.io/hashicorp/azurerm\"]",
      "instances": [
        {
          "schema_version": 0,
          "attributes": {
            "address_prefixes": [
              "10.0.2.0/24"
            ],
            "default_outbound_access_enabled": true,
            "delegation": [],
            "id": "/subscriptions/9df58ee8-2d41-4b0e-bf25-ea3542970bf6/resourceGroups/example-resources/providers/Microsoft.Network/virtualNetworks/example-network/subnets/internal",
            "ip_address_pool": [],
            "name": "internal",
            "private_endpoint_network_policies": "Disabled",
            "private_link_service_network_policies_enabled": true,
            "resource_group_name": "example-resources",
            "service_endpoint_policy_ids": [],
            "service_endpoints": [],
            "sharing_scope": "",
            "timeouts": null,
            "virtual_network_name": "example-network"
          },
          "sensitive_attributes": [],
          "identity_schema_version": 0,
          "identity": {
            "name": "internal",
            "resource_group_name": "example-resources",
            "subscription_id": "9df58ee8-2d41-4b0e-bf25-ea3542970bf6",
            "virtual_network_name": "example-network"
          },
          "private": "eyJlMmJmYjczMC1lY2FhLTExZTYtOGY4OC0zNDM2M2JjN2M0YzAiOnsiY3JlYXRlIjoxODAwMDAwMDAwMDAwLCJkZWxldGUiOjE4MDAwMDAwMDAwMDAsInJlYWQiOjMwMDAwMDAwMDAwMCwidXBkYXRlIjoxODAwMDAwMDAwMDAwfX0=",
          "dependencies": [
            "azurerm_resource_group.example",
            "azurerm_virtual_network.example"
          ]
        }
      ]
    },
    {
      "mode": "managed",
      "type": "azurerm_virtual_network",
      "name": "example",
      "provider": "provider[\"registry.terraform.io/hashicorp/azurerm\"]",
      "instances": [
        {
          "schema_version": 0,
          "attributes": {
            "address_space": [
              "10.0.0.0/16"
            ],
            "bgp_community": "",
            "ddos_protection_plan": [],
            "dns_servers": [],
            "edge_zone": "",
            "encryption": [],
            "flow_timeout_in_minutes": 0,
            "guid": "45d029d3-583e-4ae9-9d8a-d533b2c3eb5a",
            "id": "/subscriptions/9df58ee8-2d41-4b0e-bf25-ea3542970bf6/resourceGroups/example-resources/providers/Microsoft.Network/virtualNetworks/example-network",
            "ip_address_pool": [],
            "location": "northeurope",
            "name": "example-network",
            "private_endpoint_vnet_policies": "Disabled",
            "resource_group_name": "example-resources",
            "subnet": [
              {
                "address_prefixes": [
                  "10.0.2.0/24"
                ],
                "default_outbound_access_enabled": true,
                "delegation": [],
                "id": "/subscriptions/9df58ee8-2d41-4b0e-bf25-ea3542970bf6/resourceGroups/example-resources/providers/Microsoft.Network/virtualNetworks/example-network/subnets/internal",
                "name": "internal",
                "private_endpoint_network_policies": "Disabled",
                "private_link_service_network_policies_enabled": true,
                "route_table_id": "",
                "security_group": "",
                "service_endpoint_policy_ids": [],
                "service_endpoints": []
              }
            ],
            "tags": {},
            "timeouts": null
          },
          "sensitive_attributes": [],
          "identity_schema_version": 0,
          "identity": {
            "name": "example-network",
            "resource_group_name": "example-resources",
            "subscription_id": "9df58ee8-2d41-4b0e-bf25-ea3542970bf6"
          },
          "private": "eyJlMmJmYjczMC1lY2FhLTExZTYtOGY4OC0zNDM2M2JjN2M0YzAiOnsiY3JlYXRlIjoxODAwMDAwMDAwMDAwLCJkZWxldGUiOjE4MDAwMDAwMDAwMDAsInJlYWQiOjMwMDAwMDAwMDAwMCwidXBkYXRlIjoxODAwMDAwMDAwMDAwfX0=",
          "dependencies": [
            "azurerm_resource_group.example"
          ]
        }
      ]
    }
  ],
  "check_results": null
}
